// !$*UTF8*$!
{
	archiveVersion = 1;
	classes = {};
	objectVersion = 56;
	objects = {

/* Begin PBXBuildFile section */
		F92CEFDABD02A13D342A97A9 /* AppEnvironment.swift in Sources */ = {isa = PBXBuildFile; fileRef = 08885A84F6904F0A9423E8C0 /* AppEnvironment.swift */; };
		11C49E8094BE58B81B5566B6 /* AppViewModel.swift in Sources */ = {isa = PBXBuildFile; fileRef = CFAC3C346A35B6BE64355BE0 /* AppViewModel.swift */; };
		2D2A0B28F6BA753FAEB454B4 /* BLELampManager.swift in Sources */ = {isa = PBXBuildFile; fileRef = 9D76550EFED3DC42FE45A59F /* BLELampManager.swift */; };
		6F4F9F43752FE440F716D1C1 /* CloudAPI.swift in Sources */ = {isa = PBXBuildFile; fileRef = 3A10ADCFE7689E1ECBD772E1 /* CloudAPI.swift */; };
		FF9DCF4514B33B54D8B328C5 /* CloudRealtimeClient.swift in Sources */ = {isa = PBXBuildFile; fileRef = F40F89B0ED3F357F8002599A /* CloudRealtimeClient.swift */; };
		B9A90E97CA111DA9D5C5782E /* JSONHelpers.swift in Sources */ = {isa = PBXBuildFile; fileRef = 4E1573D19BE5A145E9CD2F30 /* JSONHelpers.swift */; };
		5A1D61F00240AB9F01B2273D /* KeychainStore.swift in Sources */ = {isa = PBXBuildFile; fileRef = 4A1EB0E651384E230FA798FE /* KeychainStore.swift */; };
		C439F1EF8C1A029E0B0CA2BC /* LampQRParser.swift in Sources */ = {isa = PBXBuildFile; fileRef = AA1332F069CB41606107B5F9 /* LampQRParser.swift */; };
		B8DB638D65FDCC813F8E627A /* LocalLampController.swift in Sources */ = {isa = PBXBuildFile; fileRef = 6E5C7F68CE627E31B8E47FA9 /* LocalLampController.swift */; };
		6B585409A6F6DBF3C6501A9B /* Models.swift in Sources */ = {isa = PBXBuildFile; fileRef = FE0650CDF700F8019568FD9A /* Models.swift */; };
		C6AE92ACDA30AC2666F51556 /* QRScannerView.swift in Sources */ = {isa = PBXBuildFile; fileRef = 8E2181C0AACAABF2251E5C5D /* QRScannerView.swift */; };
		983119B92AEA8032B058713F /* SHLAMPApp.swift in Sources */ = {isa = PBXBuildFile; fileRef = 7ADD72AC24AE585F480F8824 /* SHLAMPApp.swift */; };
		2A1683A1B303D5A24BA78A41 /* AccountView.swift in Sources */ = {isa = PBXBuildFile; fileRef = FAB2B5441C81E9D017F860A4 /* AccountView.swift */; };
		EDDCF50DA58A1553371BCA2A /* AddLampView.swift in Sources */ = {isa = PBXBuildFile; fileRef = A5E7AC9251515614C443D91E /* AddLampView.swift */; };
		2CABAF7B57A4372C69476AF0 /* DiagnosticsView.swift in Sources */ = {isa = PBXBuildFile; fileRef = A1CEB24BEC2C0552125ADD98 /* DiagnosticsView.swift */; };
		2D3AE790AF17FC05E5056D32 /* HomeViews.swift in Sources */ = {isa = PBXBuildFile; fileRef = 610039EAE84868AD0FC9BA44 /* HomeViews.swift */; };
		5408B218D5139960319DA86D /* LampCard.swift in Sources */ = {isa = PBXBuildFile; fileRef = B6D25E1264B5E466F722B166 /* LampCard.swift */; };
		63BE78BB99C0B654C3BE78B8 /* LampControlView.swift in Sources */ = {isa = PBXBuildFile; fileRef = 22859975F4CF79CF2197CE6A /* LampControlView.swift */; };
		F07167886083C33BCC3D7079 /* Theme.swift in Sources */ = {isa = PBXBuildFile; fileRef = 44288D04EF99882C35C16E10 /* Theme.swift */; };
		A5C0EBC4B7C005739D07676F /* Assets.xcassets in Resources */ = {isa = PBXBuildFile; fileRef = E0295D4CA6FA341C0B6E1FC6 /* Assets.xcassets */; };
/* End PBXBuildFile section */

/* Begin PBXFileReference section */
		964BD5656C7A016EF0C9ADA7 /* SHLAMP.app */ = {isa = PBXFileReference; explicitFileType = wrapper.application; includeInIndex = 0; path = SHLAMP.app; sourceTree = BUILT_PRODUCTS_DIR; };
		08885A84F6904F0A9423E8C0 /* AppEnvironment.swift */ = {isa = PBXFileReference; lastKnownFileType = sourcecode.swift; path = AppEnvironment.swift; sourceTree = "<group>"; };
		CFAC3C346A35B6BE64355BE0 /* AppViewModel.swift */ = {isa = PBXFileReference; lastKnownFileType = sourcecode.swift; path = AppViewModel.swift; sourceTree = "<group>"; };
		9D76550EFED3DC42FE45A59F /* BLELampManager.swift */ = {isa = PBXFileReference; lastKnownFileType = sourcecode.swift; path = BLELampManager.swift; sourceTree = "<group>"; };
		3A10ADCFE7689E1ECBD772E1 /* CloudAPI.swift */ = {isa = PBXFileReference; lastKnownFileType = sourcecode.swift; path = CloudAPI.swift; sourceTree = "<group>"; };
		F40F89B0ED3F357F8002599A /* CloudRealtimeClient.swift */ = {isa = PBXFileReference; lastKnownFileType = sourcecode.swift; path = CloudRealtimeClient.swift; sourceTree = "<group>"; };
		4E1573D19BE5A145E9CD2F30 /* JSONHelpers.swift */ = {isa = PBXFileReference; lastKnownFileType = sourcecode.swift; path = JSONHelpers.swift; sourceTree = "<group>"; };
		4A1EB0E651384E230FA798FE /* KeychainStore.swift */ = {isa = PBXFileReference; lastKnownFileType = sourcecode.swift; path = KeychainStore.swift; sourceTree = "<group>"; };
		AA1332F069CB41606107B5F9 /* LampQRParser.swift */ = {isa = PBXFileReference; lastKnownFileType = sourcecode.swift; path = LampQRParser.swift; sourceTree = "<group>"; };
		6E5C7F68CE627E31B8E47FA9 /* LocalLampController.swift */ = {isa = PBXFileReference; lastKnownFileType = sourcecode.swift; path = LocalLampController.swift; sourceTree = "<group>"; };
		FE0650CDF700F8019568FD9A /* Models.swift */ = {isa = PBXFileReference; lastKnownFileType = sourcecode.swift; path = Models.swift; sourceTree = "<group>"; };
		8E2181C0AACAABF2251E5C5D /* QRScannerView.swift */ = {isa = PBXFileReference; lastKnownFileType = sourcecode.swift; path = QRScannerView.swift; sourceTree = "<group>"; };
		7ADD72AC24AE585F480F8824 /* SHLAMPApp.swift */ = {isa = PBXFileReference; lastKnownFileType = sourcecode.swift; path = SHLAMPApp.swift; sourceTree = "<group>"; };
		FAB2B5441C81E9D017F860A4 /* AccountView.swift */ = {isa = PBXFileReference; lastKnownFileType = sourcecode.swift; path = AccountView.swift; sourceTree = "<group>"; };
		A5E7AC9251515614C443D91E /* AddLampView.swift */ = {isa = PBXFileReference; lastKnownFileType = sourcecode.swift; path = AddLampView.swift; sourceTree = "<group>"; };
		A1CEB24BEC2C0552125ADD98 /* DiagnosticsView.swift */ = {isa = PBXFileReference; lastKnownFileType = sourcecode.swift; path = DiagnosticsView.swift; sourceTree = "<group>"; };
		610039EAE84868AD0FC9BA44 /* HomeViews.swift */ = {isa = PBXFileReference; lastKnownFileType = sourcecode.swift; path = HomeViews.swift; sourceTree = "<group>"; };
		B6D25E1264B5E466F722B166 /* LampCard.swift */ = {isa = PBXFileReference; lastKnownFileType = sourcecode.swift; path = LampCard.swift; sourceTree = "<group>"; };
		22859975F4CF79CF2197CE6A /* LampControlView.swift */ = {isa = PBXFileReference; lastKnownFileType = sourcecode.swift; path = LampControlView.swift; sourceTree = "<group>"; };
		44288D04EF99882C35C16E10 /* Theme.swift */ = {isa = PBXFileReference; lastKnownFileType = sourcecode.swift; path = Theme.swift; sourceTree = "<group>"; };
		E0295D4CA6FA341C0B6E1FC6 /* Assets.xcassets */ = {isa = PBXFileReference; lastKnownFileType = folder.assetcatalog; path = Assets.xcassets; sourceTree = "<group>"; };
		5DCD8EB40348737CEBBC54BA /* Info.plist */ = {isa = PBXFileReference; lastKnownFileType = text.plist.xml; path = Info.plist; sourceTree = "<group>"; };
/* End PBXFileReference section */

/* Begin PBXFrameworksBuildPhase section */
		EC981767C62EA833B107403F /* Frameworks */ = {isa = PBXFrameworksBuildPhase; buildActionMask = 2147483647; files = (); runOnlyForDeploymentPostprocessing = 0; };
/* End PBXFrameworksBuildPhase section */

/* Begin PBXGroup section */
		3C9D7F1ECE6B1C2C05B9A223 = {isa = PBXGroup; children = (CC6A140804F390EB618F6366 /* SHLAMP */, 5ADE8A4128725EB9150C196B /* Products */); sourceTree = "<group>"; };
		5ADE8A4128725EB9150C196B /* Products */ = {isa = PBXGroup; children = (964BD5656C7A016EF0C9ADA7 /* SHLAMP.app */); name = Products; sourceTree = "<group>"; };
		CC6A140804F390EB618F6366 /* SHLAMP */ = {isa = PBXGroup; children = (
			08885A84F6904F0A9423E8C0 /* AppEnvironment.swift */,
			CFAC3C346A35B6BE64355BE0 /* AppViewModel.swift */,
			9D76550EFED3DC42FE45A59F /* BLELampManager.swift */,
			3A10ADCFE7689E1ECBD772E1 /* CloudAPI.swift */,
			F40F89B0ED3F357F8002599A /* CloudRealtimeClient.swift */,
			4E1573D19BE5A145E9CD2F30 /* JSONHelpers.swift */,
			4A1EB0E651384E230FA798FE /* KeychainStore.swift */,
			AA1332F069CB41606107B5F9 /* LampQRParser.swift */,
			6E5C7F68CE627E31B8E47FA9 /* LocalLampController.swift */,
			FE0650CDF700F8019568FD9A /* Models.swift */,
			8E2181C0AACAABF2251E5C5D /* QRScannerView.swift */,
			7ADD72AC24AE585F480F8824 /* SHLAMPApp.swift */,
			C8E9BA487CA0C6752C1C48FB /* UI */,
			E0295D4CA6FA341C0B6E1FC6 /* Assets.xcassets */,
			5DCD8EB40348737CEBBC54BA /* Info.plist */,
		); path = SHLAMP; sourceTree = "<group>"; };
		C8E9BA487CA0C6752C1C48FB /* UI */ = {isa = PBXGroup; children = (
			FAB2B5441C81E9D017F860A4 /* AccountView.swift */,
			A5E7AC9251515614C443D91E /* AddLampView.swift */,
			A1CEB24BEC2C0552125ADD98 /* DiagnosticsView.swift */,
			610039EAE84868AD0FC9BA44 /* HomeViews.swift */,
			B6D25E1264B5E466F722B166 /* LampCard.swift */,
			22859975F4CF79CF2197CE6A /* LampControlView.swift */,
			44288D04EF99882C35C16E10 /* Theme.swift */,
		); path = UI; sourceTree = "<group>"; };
/* End PBXGroup section */

/* Begin PBXNativeTarget section */
		F762108CA727F0BCD961FC74 /* SHLAMP */ = {isa = PBXNativeTarget; buildConfigurationList = FA3E3883E4B4A66E86595080 /* Build configuration list for PBXNativeTarget "SHLAMP" */; buildPhases = (CD691BBBE993DA89463DFB43 /* Sources */, EC981767C62EA833B107403F /* Frameworks */, 984AA73C6A3518E356174B49 /* Resources */); buildRules = (); dependencies = (); name = SHLAMP; productName = SHLAMP; productReference = 964BD5656C7A016EF0C9ADA7 /* SHLAMP.app */; productType = "com.apple.product-type.application"; };
/* End PBXNativeTarget section */

/* Begin PBXProject section */
		16EEAF57BAFC2A41CAB7C99A /* Project object */ = {isa = PBXProject; attributes = {BuildIndependentTargetsInParallel = 1; LastSwiftUpdateCheck = 2600; LastUpgradeCheck = 2600; TargetAttributes = {F762108CA727F0BCD961FC74 = {CreatedOnToolsVersion = 26.0; }; }; }; buildConfigurationList = 4B2380CA9135CE36448D46F6 /* Build configuration list for PBXProject "SHLAMP" */; compatibilityVersion = "Xcode 14.0"; developmentRegion = en; hasScannedForEncodings = 0; knownRegions = (en, Base); mainGroup = 3C9D7F1ECE6B1C2C05B9A223; productRefGroup = 5ADE8A4128725EB9150C196B /* Products */; projectDirPath = ""; projectRoot = ""; targets = (F762108CA727F0BCD961FC74 /* SHLAMP */); };
/* End PBXProject section */

/* Begin PBXResourcesBuildPhase section */
		984AA73C6A3518E356174B49 /* Resources */ = {isa = PBXResourcesBuildPhase; buildActionMask = 2147483647; files = (A5C0EBC4B7C005739D07676F /* Assets.xcassets in Resources */); runOnlyForDeploymentPostprocessing = 0; };
/* End PBXResourcesBuildPhase section */

/* Begin PBXSourcesBuildPhase section */
		CD691BBBE993DA89463DFB43 /* Sources */ = {isa = PBXSourcesBuildPhase; buildActionMask = 2147483647; files = (
			F92CEFDABD02A13D342A97A9 /* AppEnvironment.swift in Sources */,
			11C49E8094BE58B81B5566B6 /* AppViewModel.swift in Sources */,
			2D2A0B28F6BA753FAEB454B4 /* BLELampManager.swift in Sources */,
			6F4F9F43752FE440F716D1C1 /* CloudAPI.swift in Sources */,
			FF9DCF4514B33B54D8B328C5 /* CloudRealtimeClient.swift in Sources */,
			B9A90E97CA111DA9D5C5782E /* JSONHelpers.swift in Sources */,
			5A1D61F00240AB9F01B2273D /* KeychainStore.swift in Sources */,
			C439F1EF8C1A029E0B0CA2BC /* LampQRParser.swift in Sources */,
			B8DB638D65FDCC813F8E627A /* LocalLampController.swift in Sources */,
			6B585409A6F6DBF3C6501A9B /* Models.swift in Sources */,
			C6AE92ACDA30AC2666F51556 /* QRScannerView.swift in Sources */,
			983119B92AEA8032B058713F /* SHLAMPApp.swift in Sources */,
			2A1683A1B303D5A24BA78A41 /* AccountView.swift in Sources */,
			EDDCF50DA58A1553371BCA2A /* AddLampView.swift in Sources */,
			2CABAF7B57A4372C69476AF0 /* DiagnosticsView.swift in Sources */,
			2D3AE790AF17FC05E5056D32 /* HomeViews.swift in Sources */,
			5408B218D5139960319DA86D /* LampCard.swift in Sources */,
			63BE78BB99C0B654C3BE78B8 /* LampControlView.swift in Sources */,
			F07167886083C33BCC3D7079 /* Theme.swift in Sources */,
		); runOnlyForDeploymentPostprocessing = 0; };
/* End PBXSourcesBuildPhase section */

/* Begin XCBuildConfiguration section */
		2CE647D298F7377539BDA550 /* Debug */ = {isa = XCBuildConfiguration; buildSettings = {ALWAYS_SEARCH_USER_PATHS = NO; CLANG_ANALYZER_NONNULL = YES; CLANG_ANALYZER_NUMBER_OBJECT_CONVERSION = YES_AGGRESSIVE; CLANG_CXX_LANGUAGE_STANDARD = "gnu++20"; CLANG_ENABLE_MODULES = YES; CLANG_ENABLE_OBJC_ARC = YES; CLANG_ENABLE_OBJC_WEAK = YES; CLANG_WARN_BLOCK_CAPTURE_AUTORELEASING = YES; CLANG_WARN_BOOL_CONVERSION = YES; CLANG_WARN_COMMA = YES; CLANG_WARN_CONSTANT_CONVERSION = YES; CLANG_WARN_DEPRECATED_OBJC_IMPLEMENTATIONS = YES; CLANG_WARN_DIRECT_OBJC_ISA_USAGE = YES_ERROR; CLANG_WARN_DOCUMENTATION_COMMENTS = YES; CLANG_WARN_EMPTY_BODY = YES; CLANG_WARN_ENUM_CONVERSION = YES; CLANG_WARN_INFINITE_RECURSION = YES; CLANG_WARN_INT_CONVERSION = YES; CLANG_WARN_NON_LITERAL_NULL_CONVERSION = YES; CLANG_WARN_OBJC_IMPLICIT_RETAIN_SELF = YES; CLANG_WARN_OBJC_LITERAL_CONVERSION = YES; CLANG_WARN_OBJC_ROOT_CLASS = YES_ERROR; CLANG_WARN_QUOTED_INCLUDE_IN_FRAMEWORK_HEADER = YES; CLANG_WARN_RANGE_LOOP_ANALYSIS = YES; CLANG_WARN_STRICT_PROTOTYPES = YES; CLANG_WARN_SUSPICIOUS_MOVE = YES; CLANG_WARN_UNGUARDED_AVAILABILITY = YES_AGGRESSIVE; CLANG_WARN_UNREACHABLE_CODE = YES; COPY_PHASE_STRIP = NO; ENABLE_STRICT_OBJC_MSGSEND = YES; GCC_C_LANGUAGE_STANDARD = gnu17; GCC_NO_COMMON_BLOCKS = YES; GCC_WARN_64_TO_32_BIT_CONVERSION = YES; GCC_WARN_ABOUT_RETURN_TYPE = YES_ERROR; GCC_WARN_UNDECLARED_SELECTOR = YES; GCC_WARN_UNINITIALIZED_AUTOS = YES_AGGRESSIVE; GCC_WARN_UNUSED_FUNCTION = YES; GCC_WARN_UNUSED_VARIABLE = YES; IPHONEOS_DEPLOYMENT_TARGET = 17.0; LOCALIZATION_PREFERS_STRING_CATALOGS = YES; MTL_FAST_MATH = YES; SDKROOT = iphoneos; SWIFT_VERSION = 5.0; DEBUG_INFORMATION_FORMAT = dwarf; ENABLE_TESTABILITY = YES; GCC_OPTIMIZATION_LEVEL = 0; GCC_PREPROCESSOR_DEFINITIONS = ("DEBUG=1", "$(inherited)"); MTL_ENABLE_DEBUG_INFO = INCLUDE_SOURCE; ONLY_ACTIVE_ARCH = YES; SWIFT_ACTIVE_COMPILATION_CONDITIONS = "DEBUG $(inherited)"; SWIFT_OPTIMIZATION_LEVEL = "-Onone"; }; name = Debug; };
		5B9A8EB41E15F7E3691B6EE3 /* Release */ = {isa = XCBuildConfiguration; buildSettings = {ALWAYS_SEARCH_USER_PATHS = NO; CLANG_ANALYZER_NONNULL = YES; CLANG_ANALYZER_NUMBER_OBJECT_CONVERSION = YES_AGGRESSIVE; CLANG_CXX_LANGUAGE_STANDARD = "gnu++20"; CLANG_ENABLE_MODULES = YES; CLANG_ENABLE_OBJC_ARC = YES; CLANG_ENABLE_OBJC_WEAK = YES; CLANG_WARN_BLOCK_CAPTURE_AUTORELEASING = YES; CLANG_WARN_BOOL_CONVERSION = YES; CLANG_WARN_COMMA = YES; CLANG_WARN_CONSTANT_CONVERSION = YES; CLANG_WARN_DEPRECATED_OBJC_IMPLEMENTATIONS = YES; CLANG_WARN_DIRECT_OBJC_ISA_USAGE = YES_ERROR; CLANG_WARN_DOCUMENTATION_COMMENTS = YES; CLANG_WARN_EMPTY_BODY = YES; CLANG_WARN_ENUM_CONVERSION = YES; CLANG_WARN_INFINITE_RECURSION = YES; CLANG_WARN_INT_CONVERSION = YES; CLANG_WARN_NON_LITERAL_NULL_CONVERSION = YES; CLANG_WARN_OBJC_IMPLICIT_RETAIN_SELF = YES; CLANG_WARN_OBJC_LITERAL_CONVERSION = YES; CLANG_WARN_OBJC_ROOT_CLASS = YES_ERROR; CLANG_WARN_QUOTED_INCLUDE_IN_FRAMEWORK_HEADER = YES; CLANG_WARN_RANGE_LOOP_ANALYSIS = YES; CLANG_WARN_STRICT_PROTOTYPES = YES; CLANG_WARN_SUSPICIOUS_MOVE = YES; CLANG_WARN_UNGUARDED_AVAILABILITY = YES_AGGRESSIVE; CLANG_WARN_UNREACHABLE_CODE = YES; COPY_PHASE_STRIP = NO; ENABLE_STRICT_OBJC_MSGSEND = YES; GCC_C_LANGUAGE_STANDARD = gnu17; GCC_NO_COMMON_BLOCKS = YES; GCC_WARN_64_TO_32_BIT_CONVERSION = YES; GCC_WARN_ABOUT_RETURN_TYPE = YES_ERROR; GCC_WARN_UNDECLARED_SELECTOR = YES; GCC_WARN_UNINITIALIZED_AUTOS = YES_AGGRESSIVE; GCC_WARN_UNUSED_FUNCTION = YES; GCC_WARN_UNUSED_VARIABLE = YES; IPHONEOS_DEPLOYMENT_TARGET = 17.0; LOCALIZATION_PREFERS_STRING_CATALOGS = YES; MTL_FAST_MATH = YES; SDKROOT = iphoneos; SWIFT_VERSION = 5.0; DEBUG_INFORMATION_FORMAT = "dwarf-with-dsym"; ENABLE_NS_ASSERTIONS = NO; MTL_ENABLE_DEBUG_INFO = NO; SWIFT_COMPILATION_MODE = wholemodule; VALIDATE_PRODUCT = YES; }; name = Release; };
		A61834CFCE19FE57555A45A0 /* Debug */ = {isa = XCBuildConfiguration; buildSettings = {ASSETCATALOG_COMPILER_APPICON_NAME = AppIcon; ASSETCATALOG_COMPILER_GLOBAL_ACCENT_COLOR_NAME = AccentColor; CODE_SIGN_STYLE = Automatic; CURRENT_PROJECT_VERSION = 25; DEVELOPMENT_ASSET_PATHS = ""; ENABLE_PREVIEWS = YES; GENERATE_INFOPLIST_FILE = NO; INFOPLIST_FILE = SHLAMP/Info.plist; INFOPLIST_KEY_UIApplicationSceneManifest_Generation = YES; INFOPLIST_KEY_UIApplicationSupportsIndirectInputEvents = YES; LD_RUNPATH_SEARCH_PATHS = ("$(inherited)", "@executable_path/Frameworks"); MARKETING_VERSION = 1.8.3; PRODUCT_BUNDLE_IDENTIFIER = com.smarthandicrafts.shlamp; PRODUCT_NAME = "$(TARGET_NAME)"; SUPPORTED_PLATFORMS = "iphoneos iphonesimulator"; SUPPORTS_MACCATALYST = NO; SUPPORTS_MAC_DESIGNED_FOR_IPHONE_IPAD = NO; SWIFT_EMIT_LOC_STRINGS = YES; TARGETED_DEVICE_FAMILY = 1; SWIFT_OPTIMIZATION_LEVEL = "-Onone"; }; name = Debug; };
		E87D7CEB36F91952591F2518 /* Release */ = {isa = XCBuildConfiguration; buildSettings = {ASSETCATALOG_COMPILER_APPICON_NAME = AppIcon; ASSETCATALOG_COMPILER_GLOBAL_ACCENT_COLOR_NAME = AccentColor; CODE_SIGN_STYLE = Automatic; CURRENT_PROJECT_VERSION = 25; DEVELOPMENT_ASSET_PATHS = ""; ENABLE_PREVIEWS = YES; GENERATE_INFOPLIST_FILE = NO; INFOPLIST_FILE = SHLAMP/Info.plist; INFOPLIST_KEY_UIApplicationSceneManifest_Generation = YES; INFOPLIST_KEY_UIApplicationSupportsIndirectInputEvents = YES; LD_RUNPATH_SEARCH_PATHS = ("$(inherited)", "@executable_path/Frameworks"); MARKETING_VERSION = 1.8.3; PRODUCT_BUNDLE_IDENTIFIER = com.smarthandicrafts.shlamp; PRODUCT_NAME = "$(TARGET_NAME)"; SUPPORTED_PLATFORMS = "iphoneos iphonesimulator"; SUPPORTS_MACCATALYST = NO; SUPPORTS_MAC_DESIGNED_FOR_IPHONE_IPAD = NO; SWIFT_EMIT_LOC_STRINGS = YES; TARGETED_DEVICE_FAMILY = 1; SWIFT_COMPILATION_MODE = wholemodule; }; name = Release; };
/* End XCBuildConfiguration section */

/* Begin XCConfigurationList section */
		4B2380CA9135CE36448D46F6 /* Build configuration list for PBXProject "SHLAMP" */ = {isa = XCConfigurationList; buildConfigurations = (2CE647D298F7377539BDA550 /* Debug */, 5B9A8EB41E15F7E3691B6EE3 /* Release */); defaultConfigurationIsVisible = 0; defaultConfigurationName = Release; };
		FA3E3883E4B4A66E86595080 /* Build configuration list for PBXNativeTarget "SHLAMP" */ = {isa = XCConfigurationList; buildConfigurations = (A61834CFCE19FE57555A45A0 /* Debug */, E87D7CEB36F91952591F2518 /* Release */); defaultConfigurationIsVisible = 0; defaultConfigurationName = Release; };
/* End XCConfigurationList section */
	};
	rootObject = 16EEAF57BAFC2A41CAB7C99A /* Project object */;
}